
Microsoft Visual Studio Solution File, Format Version 12.00
# Visual Studio Version 17
VisualStudioVersion = 17.7.34221.43
MinimumVisualStudioVersion = 10.0.40219.1
Project("{FAE04EC0-301F-11D3-BF4B-00C04F79EFBC}") = "PrismAPP", "PrismAPP.csproj", "{BFC7FC83-07C3-4F3A-A87C-C13E70DDF4E9}"
EndProject
Project("{FAE04EC0-301F-11D3-BF4B-00C04F79EFBC}") = "ShowModule", "..\ShowModule\ShowModule.csproj", "{F5BB5586-3C35-4CBD-8565-996771C0CE9A}"
EndProject
Global
	GlobalSection(SolutionConfigurationPlatforms) = preSolution
		Debug|Any CPU = Debug|Any CPU
		Release|Any CPU = Release|Any CPU
	EndGlobalSection
	GlobalSection(ProjectConfigurationPlatforms) = postSolution
		{BFC7FC83-07C3-4F3A-A87C-C13E70DDF4E9}.Debug|Any CPU.ActiveCfg = Debug|Any CPU
		{BFC7FC83-07C3-4F3A-A87C-C13E70DDF4E9}.Debug|Any CPU.Build.0 = Debug|Any CPU
		{BFC7FC83-07C3-4F3A-A87C-C13E70DDF4E9}.Release|Any CPU.ActiveCfg = Release|Any CPU
		{BFC7FC83-07C3-4F3A-A87C-C13E70DDF4E9}.Release|Any CPU.Build.0 = Release|Any CPU
		{F5BB5586-3C35-4CBD-8565-996771C0CE9A}.Debug|Any CPU.ActiveCfg = Debug|Any CPU
		{F5BB5586-3C35-4CBD-8565-996771C0CE9A}.Debug|Any CPU.Build.0 = Debug|Any CPU
		{F5BB5586-3C35-4CBD-8565-996771C0CE9A}.Release|Any CPU.ActiveCfg = Release|Any CPU
		{F5BB5586-3C35-4CBD-8565-996771C0CE9A}.Release|Any CPU.Build.0 = Release|Any CPU
	EndGlobalSection
	GlobalSection(SolutionProperties) = preSolution
		HideSolutionNode = FALSE
	EndGlobalSection
	GlobalSection(ExtensibilityGlobals) = postSolution
		SolutionGuid = {5F6B0580-7DEF-4956-A965-4730402DE1BA}
	EndGlobalSection
EndGlobal
